
Microsoft Visual Studio Solution File, Format Version 12.00
# Visual Studio Version 16
VisualStudioVersion = 16.0.29920.165
MinimumVisualStudioVersion = 10.0.40219.1
Project("{8BC9CEB8-8B4A-11D0-8D11-00A0C91BC942}") = "AlumbraRenderer", "AlumbraRenderer\AlumbraRenderer.vcxproj", "{458CB354-A271-467B-8289-F46886BA9271}"
EndProject
Global
	GlobalSection(SolutionConfigurationPlatforms) = preSolution
		Debug|x64 = Debug|x64
		Debug|x86 = Debug|x86
		Release|x64 = Release|x64
		Release|x86 = Release|x86
	EndGlobalSection
	GlobalSection(ProjectConfigurationPlatforms) = postSolution
		{458CB354-A271-467B-8289-F46886BA9271}.Debug|x64.ActiveCfg = Debug|x64
		{458CB354-A271-467B-8289-F46886BA9271}.Debug|x64.Build.0 = Debug|x64
		{458CB354-A271-467B-8289-F46886BA9271}.Debug|x86.ActiveCfg = Debug|Win32
		{458CB354-A271-467B-8289-F46886BA9271}.Debug|x86.Build.0 = Debug|Win32
		{458CB354-A271-467B-8289-F46886BA9271}.Release|x64.ActiveCfg = Release|x64
		{458CB354-A271-467B-8289-F46886BA9271}.Release|x64.Build.0 = Release|x64
		{458CB354-A271-467B-8289-F46886BA9271}.Release|x86.ActiveCfg = Release|Win32
		{458CB354-A271-467B-8289-F46886BA9271}.Release|x86.Build.0 = Release|Win32
	EndGlobalSection
	GlobalSection(SolutionProperties) = preSolution
		HideSolutionNode = FALSE
	EndGlobalSection
	GlobalSection(ExtensibilityGlobals) = postSolution
		SolutionGuid = {931148FD-8E65-48C2-98D5-CCB60431CF7B}
	EndGlobalSection
EndGlobal
